// !$*UTF8*$!
{
	archiveVersion = 1;
	classes = {
	};
	objectVersion = 50;
	objects = {

/* Begin PBXBuildFile section */
		3AD59D79253864360094DFEF /* LandmarksApp.swift in Sources */ = {isa = PBXBuildFile; fileRef = 3AD59D78253864360094DFEF /* LandmarksApp.swift */; };
		3AD59D7B253864360094DFEF /* ContentView.swift in Sources */ = {isa = PBXBuildFile; fileRef = 3AD59D7A253864360094DFEF /* ContentView.swift */; };
		3AD59D7D253864370094DFEF /* Assets.xcassets in Resources */ = {isa = PBXBuildFile; fileRef = 3AD59D7C253864370094DFEF /* Assets.xcassets */; };
		3AD59D80253864370094DFEF /* Preview Assets.xcassets in Resources */ = {isa = PBXBuildFile; fileRef = 3AD59D7F253864370094DFEF /* Preview Assets.xcassets */; };
		3AD59D8B253864370094DFEF /* LandmarksTests.swift in Sources */ = {isa = PBXBuildFile; fileRef = 3AD59D8A253864370094DFEF /* LandmarksTests.swift */; };
		3AD59D96253864370094DFEF /* LandmarksUITests.swift in Sources */ = {isa = PBXBuildFile; fileRef = 3AD59D95253864370094DFEF /* LandmarksUITests.swift */; };
		3AD59DA72538841F0094DFEF /* CircleImage.swift in Sources */ = {isa = PBXBuildFile; fileRef = 3AD59DA62538841F0094DFEF /* CircleImage.swift */; };
		3AD59DAC2538864D0094DFEF /* MapView.swift in Sources */ = {isa = PBXBuildFile; fileRef = 3AD59DAB2538864D0094DFEF /* MapView.swift */; };
/* End PBXBuildFile section */

/* Begin PBXContainerItemProxy section */
		3AD59D87253864370094DFEF /* PBXContainerItemProxy */ = {
			isa = PBXContainerItemProxy;
			containerPortal = 3AD59D6D253864360094DFEF /* Project object */;
			proxyType = 1;
			remoteGlobalIDString = 3AD59D74253864360094DFEF;
			remoteInfo = Landmarks;
		};
		3AD59D92253864370094DFEF /* PBXContainerItemProxy */ = {
			isa = PBXContainerItemProxy;
			containerPortal = 3AD59D6D253864360094DFEF /* Project object */;
			proxyType = 1;
			remoteGlobalIDString = 3AD59D74253864360094DFEF;
			remoteInfo = Landmarks;
		};
/* End PBXContainerItemProxy section */

/* Begin PBXFileReference section */
		3AD59D75253864360094DFEF /* Landmarks.app */ = {isa = PBXFileReference; explicitFileType = wrapper.application; includeInIndex = 0; path = Landmarks.app; sourceTree = BUILT_PRODUCTS_DIR; };
		3AD59D78253864360094DFEF /* LandmarksApp.swift */ = {isa = PBXFileReference; lastKnownFileType = sourcecode.swift; path = LandmarksApp.swift; sourceTree = "<group>"; };
		3AD59D7A253864360094DFEF /* ContentView.swift */ = {isa = PBXFileReference; lastKnownFileType = sourcecode.swift; path = ContentView.swift; sourceTree = "<group>"; };
		3AD59D7C253864370094DFEF /* Assets.xcassets */ = {isa = PBXFileReference; lastKnownFileType = folder.assetcatalog; path = Assets.xcassets; sourceTree = "<group>"; };
		3AD59D7F253864370094DFEF /* Preview Assets.xcassets */ = {isa = PBXFileReference; lastKnownFileType = folder.assetcatalog; path = "Preview Assets.xcassets"; sourceTree = "<group>"; };
		3AD59D81253864370094DFEF /* Info.plist */ = {isa = PBXFileReference; lastKnownFileType = text.plist.xml; path = Info.plist; sourceTree = "<group>"; };
		3AD59D86253864370094DFEF /* LandmarksTests.xctest */ = {isa = PBXFileReference; explicitFileType = wrapper.cfbundle; includeInIndex = 0; path = LandmarksTests.xctest; sourceTree = BUILT_PRODUCTS_DIR; };
		3AD59D8A253864370094DFEF /* LandmarksTests.swift */ = {isa = PBXFileReference; lastKnownFileType = sourcecode.swift; path = LandmarksTests.swift; sourceTree = "<group>"; };
		3AD59D8C253864370094DFEF /* Info.plist */ = {isa = PBXFileReference; lastKnownFileType = text.plist.xml; path = Info.plist; sourceTree = "<group>"; };
		3AD59D91253864370094DFEF /* LandmarksUITests.xctest */ = {isa = PBXFileReference; explicitFileType = wrapper.cfbundle; includeInIndex = 0; path = LandmarksUITests.xctest; sourceTree = BUILT_PRODUCTS_DIR; };
		3AD59D95253864370094DFEF /* LandmarksUITests.swift */ = {isa = PBXFileReference; lastKnownFileType = sourcecode.swift; path = LandmarksUITests.swift; sourceTree = "<group>"; };
		3AD59D97253864370094DFEF /* Info.plist */ = {isa = PBXFileReference; lastKnownFileType = text.plist.xml; path = Info.plist; sourceTree = "<group>"; };
		3AD59DA62538841F0094DFEF /* CircleImage.swift */ = {isa = PBXFileReference; lastKnownFileType = sourcecode.swift; path = CircleImage.swift; sourceTree = "<group>"; };
		3AD59DAB2538864D0094DFEF /* MapView.swift */ = {isa = PBXFileReference; lastKnownFileType = sourcecode.swift; path = MapView.swift; sourceTree = "<group>"; };
/* End PBXFileReference section */

/* Begin PBXFrameworksBuildPhase section */
		3AD59D72253864360094DFEF /* Frameworks */ = {
			isa = PBXFrameworksBuildPhase;
			buildActionMask = 2147483647;
			files = (
			);
			runOnlyForDeploymentPostprocessing = 0;
		};
		3AD59D83253864370094DFEF /* Frameworks */ = {
			isa = PBXFrameworksBuildPhase;
			buildActionMask = 2147483647;
			files = (
			);
			runOnlyForDeploymentPostprocessing = 0;
		};
		3AD59D8E253864370094DFEF /* Frameworks */ = {
			isa = PBXFrameworksBuildPhase;
			buildActionMask = 2147483647;
			files = (
			);
			runOnlyForDeploymentPostprocessing = 0;
		};
/* End PBXFrameworksBuildPhase section */

/* Begin PBXGroup section */
		3AD59D6C253864360094DFEF = {
			isa = PBXGroup;
			children = (
				3AD59D77253864360094DFEF /* Landmarks */,
				3AD59D89253864370094DFEF /* LandmarksTests */,
				3AD59D94253864370094DFEF /* LandmarksUITests */,
				3AD59D76253864360094DFEF /* Products */,
			);
			sourceTree = "<group>";
		};
		3AD59D76253864360094DFEF /* Products */ = {
			isa = PBXGroup;
			children = (
				3AD59D75253864360094DFEF /* Landmarks.app */,
				3AD59D86253864370094DFEF /* LandmarksTests.xctest */,
				3AD59D91253864370094DFEF /* LandmarksUITests.xctest */,
			);
			name = Products;
			sourceTree = "<group>";
		};
		3AD59D77253864360094DFEF /* Landmarks */ = {
			isa = PBXGroup;
			children = (
				3AD59D78253864360094DFEF /* LandmarksApp.swift */,
				3AD59D7A253864360094DFEF /* ContentView.swift */,
				3AD59D7C253864370094DFEF /* Assets.xcassets */,
				3AD59DA62538841F0094DFEF /* CircleImage.swift */,
				3AD59DAB2538864D0094DFEF /* MapView.swift */,
				3AD59D81253864370094DFEF /* Info.plist */,
				3AD59D7E253864370094DFEF /* Preview Content */,
			);
			path = Landmarks;
			sourceTree = "<group>";
		};
		3AD59D7E253864370094DFEF /* Preview Content */ = {
			isa = PBXGroup;
			children = (
				3AD59D7F253864370094DFEF /* Preview Assets.xcassets */,
			);
			path = "Preview Content";
			sourceTree = "<group>";
		};
		3AD59D89253864370094DFEF /* LandmarksTests */ = {
			isa = PBXGroup;
			children = (
				3AD59D8A253864370094DFEF /* LandmarksTests.swift */,
				3AD59D8C253864370094DFEF /* Info.plist */,
			);
			path = LandmarksTests;
			sourceTree = "<group>";
		};
		3AD59D94253864370094DFEF /* LandmarksUITests */ = {
			isa = PBXGroup;
			children = (
				3AD59D95253864370094DFEF /* LandmarksUITests.swift */,
				3AD59D97253864370094DFEF /* Info.plist */,
			);
			path = LandmarksUITests;
			sourceTree = "<group>";
		};
/* End PBXGroup section */

/* Begin PBXNativeTarget section */
		3AD59D74253864360094DFEF /* Landmarks */ = {
			isa = PBXNativeTarget;
			buildConfigurationList = 3AD59D9A253864370094DFEF /* Build configuration list for PBXNativeTarget "Landmarks" */;
			buildPhases = (
				3AD59D71253864360094DFEF /* Sources */,
				3AD59D72253864360094DFEF /* Frameworks */,
				3AD59D73253864360094DFEF /* Resources */,
			);
			buildRules = (
			);
			dependencies = (
			);
			name = Landmarks;
			productName = Landmarks;
			productReference = 3AD59D75253864360094DFEF /* Landmarks.app */;
			productType = "com.apple.product-type.application";
		};
		3AD59D85253864370094DFEF /* LandmarksTests */ = {
			isa = PBXNativeTarget;
			buildConfigurationList = 3AD59D9D253864370094DFEF /* Build configuration list for PBXNativeTarget "LandmarksTests" */;
			buildPhases = (
				3AD59D82253864370094DFEF /* Sources */,
				3AD59D83253864370094DFEF /* Frameworks */,
				3AD59D84253864370094DFEF /* Resources */,
			);
			buildRules = (
			);
			dependencies = (
				3AD59D88253864370094DFEF /* PBXTargetDependency */,
			);
			name = LandmarksTests;
			productName = LandmarksTests;
			productReference = 3AD59D86253864370094DFEF /* LandmarksTests.xctest */;
			productType = "com.apple.product-type.bundle.unit-test";
		};
		3AD59D90253864370094DFEF /* LandmarksUITests */ = {
			isa = PBXNativeTarget;
			buildConfigurationList = 3AD59DA0253864370094DFEF /* Build configuration list for PBXNativeTarget "LandmarksUITests" */;
			buildPhases = (
				3AD59D8D253864370094DFEF /* Sources */,
				3AD59D8E253864370094DFEF /* Frameworks */,
				3AD59D8F253864370094DFEF /* Resources */,
			);
			buildRules = (
			);
			dependencies = (
				3AD59D93253864370094DFEF /* PBXTargetDependency */,
			);
			name = LandmarksUITests;
			productName = LandmarksUITests;
			productReference = 3AD59D91253864370094DFEF /* LandmarksUITests.xctest */;
			productType = "com.apple.product-type.bundle.ui-testing";
		};
/* End PBXNativeTarget section */

/* Begin PBXProject section */
		3AD59D6D253864360094DFEF /* Project object */ = {
			isa = PBXProject;
			attributes = {
				LastSwiftUpdateCheck = 1200;
				LastUpgradeCheck = 1200;
				TargetAttributes = {
					3AD59D74253864360094DFEF = {
						CreatedOnToolsVersion = 12.0.1;
					};
					3AD59D85253864370094DFEF = {
						CreatedOnToolsVersion = 12.0.1;
						TestTargetID = 3AD59D74253864360094DFEF;
					};
					3AD59D90253864370094DFEF = {
						CreatedOnToolsVersion = 12.0.1;
						TestTargetID = 3AD59D74253864360094DFEF;
					};
				};
			};
			buildConfigurationList = 3AD59D70253864360094DFEF /* Build configuration list for PBXProject "Landmarks" */;
			compatibilityVersion = "Xcode 9.3";
			developmentRegion = en;
			hasScannedForEncodings = 0;
			knownRegions = (
				en,
				Base,
			);
			mainGroup = 3AD59D6C253864360094DFEF;
			productRefGroup = 3AD59D76253864360094DFEF /* Products */;
			projectDirPath = "";
			projectRoot = "";
			targets = (
				3AD59D74253864360094DFEF /* Landmarks */,
				3AD59D85253864370094DFEF /* LandmarksTests */,
				3AD59D90253864370094DFEF /* LandmarksUITests */,
			);
		};
/* End PBXProject section */

/* Begin PBXResourcesBuildPhase section */
		3AD59D73253864360094DFEF /* Resources */ = {
			isa = PBXResourcesBuildPhase;
			buildActionMask = 2147483647;
			files = (
				3AD59D80253864370094DFEF /* Preview Assets.xcassets in Resources */,
				3AD59D7D253864370094DFEF /* Assets.xcassets in Resources */,
			);
			runOnlyForDeploymentPostprocessing = 0;
		};
		3AD59D84253864370094DFEF /* Resources */ = {
			isa = PBXResourcesBuildPhase;
			buildActionMask = 2147483647;
			files = (
			);
			runOnlyForDeploymentPostprocessing = 0;
		};
		3AD59D8F253864370094DFEF /* Resources */ = {
			isa = PBXResourcesBuildPhase;
			buildActionMask = 2147483647;
			files = (
			);
			runOnlyForDeploymentPostprocessing = 0;
		};
/* End PBXResourcesBuildPhase section */

/* Begin PBXSourcesBuildPhase section */
		3AD59D71253864360094DFEF /* Sources */ = {
			isa = PBXSourcesBuildPhase;
			buildActionMask = 2147483647;
			files = (
				3AD59D7B253864360094DFEF /* ContentView.swift in Sources */,
				3AD59DAC2538864D0094DFEF /* MapView.swift in Sources */,
				3AD59D79253864360094DFEF /* LandmarksApp.swift in Sources */,
				3AD59DA72538841F0094DFEF /* CircleImage.swift in Sources */,
			);
			runOnlyForDeploymentPostprocessing = 0;
		};
		3AD59D82253864370094DFEF /* Sources */ = {
			isa = PBXSourcesBuildPhase;
			buildActionMask = 2147483647;
			files = (
				3AD59D8B253864370094DFEF /* LandmarksTests.swift in Sources */,
			);
			runOnlyForDeploymentPostprocessing = 0;
		};
		3AD59D8D253864370094DFEF /* Sources */ = {
			isa = PBXSourcesBuildPhase;
			buildActionMask = 2147483647;
			files = (
				3AD59D96253864370094DFEF /* LandmarksUITests.swift in Sources */,
			);
			runOnlyForDeploymentPostprocessing = 0;
		};
/* End PBXSourcesBuildPhase section */

/* Begin PBXTargetDependency section */
		3AD59D88253864370094DFEF /* PBXTargetDependency */ = {
			isa = PBXTargetDependency;
			target = 3AD59D74253864360094DFEF /* Landmarks */;
			targetProxy = 3AD59D87253864370094DFEF /* PBXContainerItemProxy */;
		};
		3AD59D93253864370094DFEF /* PBXTargetDependency */ = {
			isa = PBXTargetDependency;
			target = 3AD59D74253864360094DFEF /* Landmarks */;
			targetProxy = 3AD59D92253864370094DFEF /* PBXContainerItemProxy */;
		};
/* End PBXTargetDependency section */

/* Begin XCBuildConfiguration section */
		3AD59D98253864370094DFEF /* Debug */ = {
			isa = XCBuildConfiguration;
			buildSettings = {
				ALWAYS_SEARCH_USER_PATHS = NO;
				CLANG_ANALYZER_NONNULL = YES;
				CLANG_ANALYZER_NUMBER_OBJECT_CONVERSION = YES_AGGRESSIVE;
				CLANG_CXX_LANGUAGE_STANDARD = "gnu++14";
				CLANG_CXX_LIBRARY = "libc++";
				CLANG_ENABLE_MODULES = YES;
				CLANG_ENABLE_OBJC_ARC = YES;
				CLANG_ENABLE_OBJC_WEAK = YES;
				CLANG_WARN_BLOCK_CAPTURE_AUTORELEASING = YES;
				CLANG_WARN_BOOL_CONVERSION = YES;
				CLANG_WARN_COMMA = YES;
				CLANG_WARN_CONSTANT_CONVERSION = YES;
				CLANG_WARN_DEPRECATED_OBJC_IMPLEMENTATIONS = YES;
				CLANG_WARN_DIRECT_OBJC_ISA_USAGE = YES_ERROR;
				CLANG_WARN_DOCUMENTATION_COMMENTS = YES;
				CLANG_WARN_EMPTY_BODY = YES;
				CLANG_WARN_ENUM_CONVERSION = YES;
				CLANG_WARN_INFINITE_RECURSION = YES;
				CLANG_WARN_INT_CONVERSION = YES;
				CLANG_WARN_NON_LITERAL_NULL_CONVERSION = YES;
				CLANG_WARN_OBJC_IMPLICIT_RETAIN_SELF = YES;
				CLANG_WARN_OBJC_LITERAL_CONVERSION = YES;
				CLANG_WARN_OBJC_ROOT_CLASS = YES_ERROR;
				CLANG_WARN_QUOTED_INCLUDE_IN_FRAMEWORK_HEADER = YES;
				CLANG_WARN_RANGE_LOOP_ANALYSIS = YES;
				CLANG_WARN_STRICT_PROTOTYPES = YES;
				CLANG_WARN_SUSPICIOUS_MOVE = YES;
				CLANG_WARN_UNGUARDED_AVAILABILITY = YES_AGGRESSIVE;
				CLANG_WARN_UNREACHABLE_CODE = YES;
				CLANG_WARN__DUPLICATE_METHOD_MATCH = YES;
				COPY_PHASE_STRIP = NO;
				DEBUG_INFORMATION_FORMAT = dwarf;
				ENABLE_STRICT_OBJC_MSGSEND = YES;
				ENABLE_TESTABILITY = YES;
				GCC_C_LANGUAGE_STANDARD = gnu11;
				GCC_DYNAMIC_NO_PIC = NO;
				GCC_NO_COMMON_BLOCKS = YES;
				GCC_OPTIMIZATION_LEVEL = 0;
				GCC_PREPROCESSOR_DEFINITIONS = (
					"DEBUG=1",
					"$(inherited)",
				);
				GCC_WARN_64_TO_32_BIT_CONVERSION = YES;
				GCC_WARN_ABOUT_RETURN_TYPE = YES_ERROR;
				GCC_WARN_UNDECLARED_SELECTOR = YES;
				GCC_WARN_UNINITIALIZED_AUTOS = YES_AGGRESSIVE;
				GCC_WARN_UNUSED_FUNCTION = YES;
				GCC_WARN_UNUSED_VARIABLE = YES;
				IPHONEOS_DEPLOYMENT_TARGET = 14.0;
				MTL_ENABLE_DEBUG_INFO = INCLUDE_SOURCE;
				MTL_FAST_MATH = YES;
				ONLY_ACTIVE_ARCH = YES;
				SDKROOT = iphoneos;
				SWIFT_ACTIVE_COMPILATION_CONDITIONS = DEBUG;
				SWIFT_OPTIMIZATION_LEVEL = "-Onone";
			};
			name = Debug;
		};
		3AD59D99253864370094DFEF /* Release */ = {
			isa = XCBuildConfiguration;
			buildSettings = {
				ALWAYS_SEARCH_USER_PATHS = NO;
				CLANG_ANALYZER_NONNULL = YES;
				CLANG_ANALYZER_NUMBER_OBJECT_CONVERSION = YES_AGGRESSIVE;
				CLANG_CXX_LANGUAGE_STANDARD = "gnu++14";
				CLANG_CXX_LIBRARY = "libc++";
				CLANG_ENABLE_MODULES = YES;
				CLANG_ENABLE_OBJC_ARC = YES;
				CLANG_ENABLE_OBJC_WEAK = YES;
				CLANG_WARN_BLOCK_CAPTURE_AUTORELEASING = YES;
				CLANG_WARN_BOOL_CONVERSION = YES;
				CLANG_WARN_COMMA = YES;
				CLANG_WARN_CONSTANT_CONVERSION = YES;
				CLANG_WARN_DEPRECATED_OBJC_IMPLEMENTATIONS = YES;
				CLANG_WARN_DIRECT_OBJC_ISA_USAGE = YES_ERROR;
				CLANG_WARN_DOCUMENTATION_COMMENTS = YES;
				CLANG_WARN_EMPTY_BODY = YES;
				CLANG_WARN_ENUM_CONVERSION = YES;
				CLANG_WARN_INFINITE_RECURSION = YES;
				CLANG_WARN_INT_CONVERSION = YES;
				CLANG_WARN_NON_LITERAL_NULL_CONVERSION = YES;
				CLANG_WARN_OBJC_IMPLICIT_RETAIN_SELF = YES;
				CLANG_WARN_OBJC_LITERAL_CONVERSION = YES;
				CLANG_WARN_OBJC_ROOT_CLASS = YES_ERROR;
				CLANG_WARN_QUOTED_INCLUDE_IN_FRAMEWORK_HEADER = YES;
				CLANG_WARN_RANGE_LOOP_ANALYSIS = YES;
				CLANG_WARN_STRICT_PROTOTYPES = YES;
				CLANG_WARN_SUSPICIOUS_MOVE = YES;
				CLANG_WARN_UNGUARDED_AVAILABILITY = YES_AGGRESSIVE;
				CLANG_WARN_UNREACHABLE_CODE = YES;
				CLANG_WARN__DUPLICATE_METHOD_MATCH = YES;
				COPY_PHASE_STRIP = NO;
				DEBUG_INFORMATION_FORMAT = "dwarf-with-dsym";
				ENABLE_NS_ASSERTIONS = NO;
				ENABLE_STRICT_OBJC_MSGSEND = YES;
				GCC_C_LANGUAGE_STANDARD = gnu11;
				GCC_NO_COMMON_BLOCKS = YES;
				GCC_WARN_64_TO_32_BIT_CONVERSION = YES;
				GCC_WARN_ABOUT_RETURN_TYPE = YES_ERROR;
				GCC_WARN_UNDECLARED_SELECTOR = YES;
				GCC_WARN_UNINITIALIZED_AUTOS = YES_AGGRESSIVE;
				GCC_WARN_UNUSED_FUNCTION = YES;
				GCC_WARN_UNUSED_VARIABLE = YES;
				IPHONEOS_DEPLOYMENT_TARGET = 14.0;
				MTL_ENABLE_DEBUG_INFO = NO;
				MTL_FAST_MATH = YES;
				SDKROOT = iphoneos;
				SWIFT_COMPILATION_MODE = wholemodule;
				SWIFT_OPTIMIZATION_LEVEL = "-O";
				VALIDATE_PRODUCT = YES;
			};
			name = Release;
		};
		3AD59D9B253864370094DFEF /* Debug */ = {
			isa = XCBuildConfiguration;
			buildSettings = {
				ASSETCATALOG_COMPILER_APPICON_NAME = AppIcon;
				ASSETCATALOG_COMPILER_GLOBAL_ACCENT_COLOR_NAME = AccentColor;
				CODE_SIGN_STYLE = Automatic;
				DEVELOPMENT_ASSET_PATHS = "\"Landmarks/Preview Content\"";
				ENABLE_PREVIEWS = YES;
				INFOPLIST_FILE = Landmarks/Info.plist;
				IPHONEOS_DEPLOYMENT_TARGET = 14.0;
				LD_RUNPATH_SEARCH_PATHS = (
					"$(inherited)",
					"@executable_path/Frameworks",
				);
				PRODUCT_BUNDLE_IDENTIFIER = ex.Landmarks;
				PRODUCT_NAME = "$(TARGET_NAME)";
				SWIFT_VERSION = 5.0;
				TARGETED_DEVICE_FAMILY = "1,2";
			};
			name = Debug;
		};
		3AD59D9C253864370094DFEF /* Release */ = {
			isa = XCBuildConfiguration;
			buildSettings = {
				ASSETCATALOG_COMPILER_APPICON_NAME = AppIcon;
				ASSETCATALOG_COMPILER_GLOBAL_ACCENT_COLOR_NAME = AccentColor;
				CODE_SIGN_STYLE = Automatic;
				DEVELOPMENT_ASSET_PATHS = "\"Landmarks/Preview Content\"";
				ENABLE_PREVIEWS = YES;
				INFOPLIST_FILE = Landmarks/Info.plist;
				IPHONEOS_DEPLOYMENT_TARGET = 14.0;
				LD_RUNPATH_SEARCH_PATHS = (
					"$(inherited)",
					"@executable_path/Frameworks",
				);
				PRODUCT_BUNDLE_IDENTIFIER = ex.Landmarks;
				PRODUCT_NAME = "$(TARGET_NAME)";
				SWIFT_VERSION = 5.0;
				TARGETED_DEVICE_FAMILY = "1,2";
			};
			name = Release;
		};
		3AD59D9E253864370094DFEF /* Debug */ = {
			isa = XCBuildConfiguration;
			buildSettings = {
				ALWAYS_EMBED_SWIFT_STANDARD_LIBRARIES = YES;
				BUNDLE_LOADER = "$(TEST_HOST)";
				CODE_SIGN_STYLE = Automatic;
				INFOPLIST_FILE = LandmarksTests/Info.plist;
				IPHONEOS_DEPLOYMENT_TARGET = 14.0;
				LD_RUNPATH_SEARCH_PATHS = (
					"$(inherited)",
					"@executable_path/Frameworks",
					"@loader_path/Frameworks",
				);
				PRODUCT_BUNDLE_IDENTIFIER = ex.LandmarksTests;
				PRODUCT_NAME = "$(TARGET_NAME)";
				SWIFT_VERSION = 5.0;
				TARGETED_DEVICE_FAMILY = "1,2";
				TEST_HOST = "$(BUILT_PRODUCTS_DIR)/Landmarks.app/Landmarks";
			};
			name = Debug;
		};
		3AD59D9F253864370094DFEF /* Release */ = {
			isa = XCBuildConfiguration;
			buildSettings = {
				ALWAYS_EMBED_SWIFT_STANDARD_LIBRARIES = YES;
				BUNDLE_LOADER = "$(TEST_HOST)";
				CODE_SIGN_STYLE = Automatic;
				INFOPLIST_FILE = LandmarksTests/Info.plist;
				IPHONEOS_DEPLOYMENT_TARGET = 14.0;
				LD_RUNPATH_SEARCH_PATHS = (
					"$(inherited)",
					"@executable_path/Frameworks",
					"@loader_path/Frameworks",
				);
				PRODUCT_BUNDLE_IDENTIFIER = ex.LandmarksTests;
				PRODUCT_NAME = "$(TARGET_NAME)";
				SWIFT_VERSION = 5.0;
				TARGETED_DEVICE_FAMILY = "1,2";
				TEST_HOST = "$(BUILT_PRODUCTS_DIR)/Landmarks.app/Landmarks";
			};
			name = Release;
		};
		3AD59DA1253864370094DFEF /* Debug */ = {
			isa = XCBuildConfiguration;
			buildSettings = {
				ALWAYS_EMBED_SWIFT_STANDARD_LIBRARIES = YES;
				CODE_SIGN_STYLE = Automatic;
				INFOPLIST_FILE = LandmarksUITests/Info.plist;
				LD_RUNPATH_SEARCH_PATHS = (
					"$(inherited)",
					"@executable_path/Frameworks",
					"@loader_path/Frameworks",
				);
				PRODUCT_BUNDLE_IDENTIFIER = ex.LandmarksUITests;
				PRODUCT_NAME = "$(TARGET_NAME)";
				SWIFT_VERSION = 5.0;
				TARGETED_DEVICE_FAMILY = "1,2";
				TEST_TARGET_NAME = Landmarks;
			};
			name = Debug;
		};
		3AD59DA2253864370094DFEF /* Release */ = {
			isa = XCBuildConfiguration;
			buildSettings = {
				ALWAYS_EMBED_SWIFT_STANDARD_LIBRARIES = YES;
				CODE_SIGN_STYLE = Automatic;
				INFOPLIST_FILE = LandmarksUITests/Info.plist;
				LD_RUNPATH_SEARCH_PATHS = (
					"$(inherited)",
					"@executable_path/Frameworks",
					"@loader_path/Frameworks",
				);
				PRODUCT_BUNDLE_IDENTIFIER = ex.LandmarksUITests;
				PRODUCT_NAME = "$(TARGET_NAME)";
				SWIFT_VERSION = 5.0;
				TARGETED_DEVICE_FAMILY = "1,2";
				TEST_TARGET_NAME = Landmarks;
			};
			name = Release;
		};
/* End XCBuildConfiguration section */

/* Begin XCConfigurationList section */
		3AD59D70253864360094DFEF /* Build configuration list for PBXProject "Landmarks" */ = {
			isa = XCConfigurationList;
			buildConfigurations = (
				3AD59D98253864370094DFEF /* Debug */,
				3AD59D99253864370094DFEF /* Release */,
			);
			defaultConfigurationIsVisible = 0;
			defaultConfigurationName = Release;
		};
		3AD59D9A253864370094DFEF /* Build configuration list for PBXNativeTarget "Landmarks" */ = {
			isa = XCConfigurationList;
			buildConfigurations = (
				3AD59D9B253864370094DFEF /* Debug */,
				3AD59D9C253864370094DFEF /* Release */,
			);
			defaultConfigurationIsVisible = 0;
			defaultConfigurationName = Release;
		};
		3AD59D9D253864370094DFEF /* Build configuration list for PBXNativeTarget "LandmarksTests" */ = {
			isa = XCConfigurationList;
			buildConfigurations = (
				3AD59D9E253864370094DFEF /* Debug */,
				3AD59D9F253864370094DFEF /* Release */,
			);
			defaultConfigurationIsVisible = 0;
			defaultConfigurationName = Release;
		};
		3AD59DA0253864370094DFEF /* Build configuration list for PBXNativeTarget "LandmarksUITests" */ = {
			isa = XCConfigurationList;
			buildConfigurations = (
				3AD59DA1253864370094DFEF /* Debug */,
				3AD59DA2253864370094DFEF /* Release */,
			);
			defaultConfigurationIsVisible = 0;
			defaultConfigurationName = Release;
		};
/* End XCConfigurationList section */
	};
	rootObject = 3AD59D6D253864360094DFEF /* Project object */;
}
